
Microsoft Visual Studio Solution File, Format Version 12.00
# Visual Studio 15
VisualStudioVersion = 15.0.28307.106
MinimumVisualStudioVersion = 10.0.40219.1
Project("{FAE04EC0-301F-11D3-BF4B-00C04F79EFBC}") = "TestApp3", "TestApp3.csproj", "{93425B78-8A17-4FE1-A06F-1F3738AF84B2}"
EndProject
Project("{FAE04EC0-301F-11D3-BF4B-00C04F79EFBC}") = "TestLibrary1", "..\TestLibrary1\TestLibrary1.csproj", "{9E6666A8-E540-4D24-851D-32AA0A34A7D9}"
EndProject
Global
	GlobalSection(SolutionConfigurationPlatforms) = preSolution
		Debug|Any CPU = Debug|Any CPU
		Release|Any CPU = Release|Any CPU
	EndGlobalSection
	GlobalSection(ProjectConfigurationPlatforms) = postSolution
		{93425B78-8A17-4FE1-A06F-1F3738AF84B2}.Debug|Any CPU.ActiveCfg = Debug|Any CPU
		{93425B78-8A17-4FE1-A06F-1F3738AF84B2}.Debug|Any CPU.Build.0 = Debug|Any CPU
		{93425B78-8A17-4FE1-A06F-1F3738AF84B2}.Release|Any CPU.ActiveCfg = Release|Any CPU
		{93425B78-8A17-4FE1-A06F-1F3738AF84B2}.Release|Any CPU.Build.0 = Release|Any CPU
		{9E6666A8-E540-4D24-851D-32AA0A34A7D9}.Debug|Any CPU.ActiveCfg = Debug|Any CPU
		{9E6666A8-E540-4D24-851D-32AA0A34A7D9}.Debug|Any CPU.Build.0 = Debug|Any CPU
		{9E6666A8-E540-4D24-851D-32AA0A34A7D9}.Release|Any CPU.ActiveCfg = Release|Any CPU
		{9E6666A8-E540-4D24-851D-32AA0A34A7D9}.Release|Any CPU.Build.0 = Release|Any CPU
	EndGlobalSection
	GlobalSection(SolutionProperties) = preSolution
		HideSolutionNode = FALSE
	EndGlobalSection
	GlobalSection(ExtensibilityGlobals) = postSolution
		SolutionGuid = {43719ABE-EE13-4ACC-8307-7A327A1F73C8}
	EndGlobalSection
EndGlobal
